
Microsoft Visual Studio Solution File, Format Version 12.00
# Visual Studio Version 16
VisualStudioVersion = 16.0.29001.49
MinimumVisualStudioVersion = 10.0.40219.1
Project("{FAE04EC0-301F-11D3-BF4B-00C04F79EFBC}") = "JABO", "JABO.csproj", "{DA137A40-515E-49E3-B30B-A905F9A6321E}"
EndProject
Global
	GlobalSection(SolutionConfigurationPlatforms) = preSolution
		Debug|Any CPU = Debug|Any CPU
		Release|Any CPU = Release|Any CPU
	EndGlobalSection
	GlobalSection(ProjectConfigurationPlatforms) = postSolution
		{DA137A40-515E-49E3-B30B-A905F9A6321E}.Debug|Any CPU.ActiveCfg = Debug|Any CPU
		{DA137A40-515E-49E3-B30B-A905F9A6321E}.Debug|Any CPU.Build.0 = Debug|Any CPU
		{DA137A40-515E-49E3-B30B-A905F9A6321E}.Release|Any CPU.ActiveCfg = Release|Any CPU
		{DA137A40-515E-49E3-B30B-A905F9A6321E}.Release|Any CPU.Build.0 = Release|Any CPU
	EndGlobalSection
	GlobalSection(SolutionProperties) = preSolution
		HideSolutionNode = FALSE
	EndGlobalSection
	GlobalSection(ExtensibilityGlobals) = postSolution
		SolutionGuid = {1A493132-B158-4B4F-8A1E-729719D4AE26}
	EndGlobalSection
EndGlobal
